
Microsoft Visual Studio Solution File, Format Version 12.00
# Visual Studio Version 16
VisualStudioVersion = 16.0.29123.88
MinimumVisualStudioVersion = 10.0.40219.1
Project("{9A19103F-16F7-4668-BE54-9A1E7A4F7556}") = "Cake.Yaml", "Cake.Yaml\Cake.Yaml.csproj", "{AC35C5AB-6E21-435E-BE15-77939DA20523}"
EndProject
Project("{9A19103F-16F7-4668-BE54-9A1E7A4F7556}") = "Cake.Yaml.Tests", "Cake.Yaml.Tests\Cake.Yaml.Tests.csproj", "{F60E237B-5678-4C84-99DB-47099E1E8041}"
EndProject
Global
	GlobalSection(SolutionConfigurationPlatforms) = preSolution
		Debug|Any CPU = Debug|Any CPU
		Release|Any CPU = Release|Any CPU
	EndGlobalSection
	GlobalSection(ProjectConfigurationPlatforms) = postSolution
		{AC35C5AB-6E21-435E-BE15-77939DA20523}.Debug|Any CPU.ActiveCfg = Debug|Any CPU
		{AC35C5AB-6E21-435E-BE15-77939DA20523}.Debug|Any CPU.Build.0 = Debug|Any CPU
		{AC35C5AB-6E21-435E-BE15-77939DA20523}.Release|Any CPU.ActiveCfg = Release|Any CPU
		{AC35C5AB-6E21-435E-BE15-77939DA20523}.Release|Any CPU.Build.0 = Release|Any CPU
		{F60E237B-5678-4C84-99DB-47099E1E8041}.Debug|Any CPU.ActiveCfg = Debug|Any CPU
		{F60E237B-5678-4C84-99DB-47099E1E8041}.Debug|Any CPU.Build.0 = Debug|Any CPU
		{F60E237B-5678-4C84-99DB-47099E1E8041}.Release|Any CPU.ActiveCfg = Release|Any CPU
		{F60E237B-5678-4C84-99DB-47099E1E8041}.Release|Any CPU.Build.0 = Release|Any CPU
	EndGlobalSection
	GlobalSection(SolutionProperties) = preSolution
		HideSolutionNode = FALSE
	EndGlobalSection
	GlobalSection(ExtensibilityGlobals) = postSolution
		SolutionGuid = {2CD268E6-F1E4-4347-869F-8D644491D533}
	EndGlobalSection
EndGlobal
